
Microsoft Visual Studio Solution File, Format Version 12.00
# Visual Studio 15
VisualStudioVersion = 15.0.28307.572
MinimumVisualStudioVersion = 10.0.40219.1
Project("{FAE04EC0-301F-11D3-BF4B-00C04F79EFBC}") = "Chat", "Chat\Chat.csproj", "{30824D59-0F7C-4CAC-89ED-64DCA6A6387C}"
EndProject
Project("{FAE04EC0-301F-11D3-BF4B-00C04F79EFBC}") = "Chat.Models", "Models\Chat.Models.csproj", "{379ABD74-65A0-4473-8688-95FE16BDD540}"
EndProject
Project("{FAE04EC0-301F-11D3-BF4B-00C04F79EFBC}") = "Chat.DAL", "Chat.DAL\Chat.DAL.csproj", "{5B864356-701A-4327-90C3-CABA83AB9FDE}"
EndProject
Project("{FAE04EC0-301F-11D3-BF4B-00C04F79EFBC}") = "Chat.BLL", "Chat.BLL\Chat.BLL.csproj", "{CA345012-E657-4F4D-8BDE-1E967F41DD0C}"
EndProject
Global
	GlobalSection(SolutionConfigurationPlatforms) = preSolution
		Debug|Any CPU = Debug|Any CPU
		Release|Any CPU = Release|Any CPU
	EndGlobalSection
	GlobalSection(ProjectConfigurationPlatforms) = postSolution
		{30824D59-0F7C-4CAC-89ED-64DCA6A6387C}.Debug|Any CPU.ActiveCfg = Debug|Any CPU
		{30824D59-0F7C-4CAC-89ED-64DCA6A6387C}.Debug|Any CPU.Build.0 = Debug|Any CPU
		{30824D59-0F7C-4CAC-89ED-64DCA6A6387C}.Release|Any CPU.ActiveCfg = Release|Any CPU
		{30824D59-0F7C-4CAC-89ED-64DCA6A6387C}.Release|Any CPU.Build.0 = Release|Any CPU
		{379ABD74-65A0-4473-8688-95FE16BDD540}.Debug|Any CPU.ActiveCfg = Debug|Any CPU
		{379ABD74-65A0-4473-8688-95FE16BDD540}.Debug|Any CPU.Build.0 = Debug|Any CPU
		{379ABD74-65A0-4473-8688-95FE16BDD540}.Release|Any CPU.ActiveCfg = Release|Any CPU
		{379ABD74-65A0-4473-8688-95FE16BDD540}.Release|Any CPU.Build.0 = Release|Any CPU
		{5B864356-701A-4327-90C3-CABA83AB9FDE}.Debug|Any CPU.ActiveCfg = Debug|Any CPU
		{5B864356-701A-4327-90C3-CABA83AB9FDE}.Debug|Any CPU.Build.0 = Debug|Any CPU
		{5B864356-701A-4327-90C3-CABA83AB9FDE}.Release|Any CPU.ActiveCfg = Release|Any CPU
		{5B864356-701A-4327-90C3-CABA83AB9FDE}.Release|Any CPU.Build.0 = Release|Any CPU
		{CA345012-E657-4F4D-8BDE-1E967F41DD0C}.Debug|Any CPU.ActiveCfg = Debug|Any CPU
		{CA345012-E657-4F4D-8BDE-1E967F41DD0C}.Debug|Any CPU.Build.0 = Debug|Any CPU
		{CA345012-E657-4F4D-8BDE-1E967F41DD0C}.Release|Any CPU.ActiveCfg = Release|Any CPU
		{CA345012-E657-4F4D-8BDE-1E967F41DD0C}.Release|Any CPU.Build.0 = Release|Any CPU
	EndGlobalSection
	GlobalSection(SolutionProperties) = preSolution
		HideSolutionNode = FALSE
	EndGlobalSection
	GlobalSection(ExtensibilityGlobals) = postSolution
		SolutionGuid = {85291383-97A8-48A2-83DF-03AD943EFA98}
	EndGlobalSection
EndGlobal
